
Microsoft Visual Studio Solution File, Format Version 12.00
# Visual Studio Version 16
VisualStudioVersion = 16.0.30011.22
MinimumVisualStudioVersion = 10.0.40219.1
Project("{9A19103F-16F7-4668-BE54-9A1E7A4F7556}") = "LToDo", "LToDo\LToDo.csproj", "{F35CF25E-EFB1-491F-A660-5101F1CFF3B5}"
EndProject
Project("{9A19103F-16F7-4668-BE54-9A1E7A4F7556}") = "LTodo.Test", "LTodo.Test\LTodo.Test.csproj", "{9968A31F-3616-4734-9FC2-E6F6ECDA4824}"
EndProject
Project("{9A19103F-16F7-4668-BE54-9A1E7A4F7556}") = "LTodo.Web", "LTodo.Web\LTodo.Web.csproj", "{1D1DB31A-3B27-440C-8A7F-EB8B4C0C0066}"
EndProject
Global
	GlobalSection(SolutionConfigurationPlatforms) = preSolution
		Debug|Any CPU = Debug|Any CPU
		Debug|x86 = Debug|x86
		Release|Any CPU = Release|Any CPU
		Release|x86 = Release|x86
	EndGlobalSection
	GlobalSection(ProjectConfigurationPlatforms) = postSolution
		{F35CF25E-EFB1-491F-A660-5101F1CFF3B5}.Debug|Any CPU.ActiveCfg = Debug|Any CPU
		{F35CF25E-EFB1-491F-A660-5101F1CFF3B5}.Debug|Any CPU.Build.0 = Debug|Any CPU
		{F35CF25E-EFB1-491F-A660-5101F1CFF3B5}.Debug|x86.ActiveCfg = Debug|Any CPU
		{F35CF25E-EFB1-491F-A660-5101F1CFF3B5}.Debug|x86.Build.0 = Debug|Any CPU
		{F35CF25E-EFB1-491F-A660-5101F1CFF3B5}.Release|Any CPU.ActiveCfg = Release|Any CPU
		{F35CF25E-EFB1-491F-A660-5101F1CFF3B5}.Release|Any CPU.Build.0 = Release|Any CPU
		{F35CF25E-EFB1-491F-A660-5101F1CFF3B5}.Release|x86.ActiveCfg = Release|Any CPU
		{F35CF25E-EFB1-491F-A660-5101F1CFF3B5}.Release|x86.Build.0 = Release|Any CPU
		{9968A31F-3616-4734-9FC2-E6F6ECDA4824}.Debug|Any CPU.ActiveCfg = Debug|Any CPU
		{9968A31F-3616-4734-9FC2-E6F6ECDA4824}.Debug|Any CPU.Build.0 = Debug|Any CPU
		{9968A31F-3616-4734-9FC2-E6F6ECDA4824}.Debug|x86.ActiveCfg = Debug|x86
		{9968A31F-3616-4734-9FC2-E6F6ECDA4824}.Debug|x86.Build.0 = Debug|x86
		{9968A31F-3616-4734-9FC2-E6F6ECDA4824}.Release|Any CPU.ActiveCfg = Release|Any CPU
		{9968A31F-3616-4734-9FC2-E6F6ECDA4824}.Release|Any CPU.Build.0 = Release|Any CPU
		{9968A31F-3616-4734-9FC2-E6F6ECDA4824}.Release|x86.ActiveCfg = Release|x86
		{9968A31F-3616-4734-9FC2-E6F6ECDA4824}.Release|x86.Build.0 = Release|x86
		{1D1DB31A-3B27-440C-8A7F-EB8B4C0C0066}.Debug|Any CPU.ActiveCfg = Debug|Any CPU
		{1D1DB31A-3B27-440C-8A7F-EB8B4C0C0066}.Debug|Any CPU.Build.0 = Debug|Any CPU
		{1D1DB31A-3B27-440C-8A7F-EB8B4C0C0066}.Debug|x86.ActiveCfg = Debug|Any CPU
		{1D1DB31A-3B27-440C-8A7F-EB8B4C0C0066}.Debug|x86.Build.0 = Debug|Any CPU
		{1D1DB31A-3B27-440C-8A7F-EB8B4C0C0066}.Release|Any CPU.ActiveCfg = Release|Any CPU
		{1D1DB31A-3B27-440C-8A7F-EB8B4C0C0066}.Release|Any CPU.Build.0 = Release|Any CPU
		{1D1DB31A-3B27-440C-8A7F-EB8B4C0C0066}.Release|x86.ActiveCfg = Release|Any CPU
		{1D1DB31A-3B27-440C-8A7F-EB8B4C0C0066}.Release|x86.Build.0 = Release|Any CPU
	EndGlobalSection
	GlobalSection(SolutionProperties) = preSolution
		HideSolutionNode = FALSE
	EndGlobalSection
	GlobalSection(ExtensibilityGlobals) = postSolution
		SolutionGuid = {81A9812C-C990-49CD-BA27-559A402AF048}
	EndGlobalSection
EndGlobal
